
Microsoft Visual Studio Solution File, Format Version 12.00
# Visual Studio Version 16
VisualStudioVersion = 16.0.32602.291
MinimumVisualStudioVersion = 10.0.40219.1
Project("{FAE04EC0-301F-11D3-BF4B-00C04F79EFBC}") = "AdamAsmacaFormProje", "AdamAsmacaFormProje\AdamAsmacaFormProje.csproj", "{39C366F5-DA86-4A82-982F-6AAB20104405}"
EndProject
Global
	GlobalSection(SolutionConfigurationPlatforms) = preSolution
		Debug|Any CPU = Debug|Any CPU
		Release|Any CPU = Release|Any CPU
	EndGlobalSection
	GlobalSection(ProjectConfigurationPlatforms) = postSolution
		{39C366F5-DA86-4A82-982F-6AAB20104405}.Debug|Any CPU.ActiveCfg = Debug|Any CPU
		{39C366F5-DA86-4A82-982F-6AAB20104405}.Debug|Any CPU.Build.0 = Debug|Any CPU
		{39C366F5-DA86-4A82-982F-6AAB20104405}.Release|Any CPU.ActiveCfg = Release|Any CPU
		{39C366F5-DA86-4A82-982F-6AAB20104405}.Release|Any CPU.Build.0 = Release|Any CPU
	EndGlobalSection
	GlobalSection(SolutionProperties) = preSolution
		HideSolutionNode = FALSE
	EndGlobalSection
	GlobalSection(ExtensibilityGlobals) = postSolution
		SolutionGuid = {03E3693B-91C5-44B7-A09D-6A04751C97DB}
	EndGlobalSection
EndGlobal
